
Microsoft Visual Studio Solution File, Format Version 12.00
# Visual Studio Version 17
VisualStudioVersion = 17.13.35825.156
MinimumVisualStudioVersion = 10.0.40219.1
Project("{2150E333-8FDC-42A3-9474-1A3956D46DE8}") = "auth", "auth", "{02EA681E-C7D8-13C7-8484-4AC65E1B71E8}"
EndProject
Project("{2150E333-8FDC-42A3-9474-1A3956D46DE8}") = "list-games", "list-games", "{D7789A17-5FD0-43DD-9F5F-3E712730E767}"
EndProject
Project("{2150E333-8FDC-42A3-9474-1A3956D46DE8}") = "game-hub", "game-hub", "{8E66AC08-DC20-4F59-98EE-A1C1C19A7947}"
EndProject
Project("{2150E333-8FDC-42A3-9474-1A3956D46DE8}") = "chat", "chat", "{687694AD-6659-4C28-8974-1E54418D4B28}"
EndProject
Project("{2150E333-8FDC-42A3-9474-1A3956D46DE8}") = "game", "game", "{1820C6BE-5797-47E0-823E-1B3ABF1B7021}"
EndProject
Project("{2150E333-8FDC-42A3-9474-1A3956D46DE8}") = "AuthAPI", "AuthAPI", "{B52E1636-D4BC-4651-B8D7-D195086A80AB}"
EndProject
Project("{2150E333-8FDC-42A3-9474-1A3956D46DE8}") = "AuthTests", "AuthTests", "{E6752BED-A2B6-4020-8A0C-F8BCEAE2239E}"
EndProject
Project("{FAE04EC0-301F-11D3-BF4B-00C04F79EFBC}") = "AuthAPI", "AuthAPI\AuthAPI.csproj", "{E155F8E9-6984-4AB0-9C6E-7DA4CA23D181}"
EndProject
Project("{2150E333-8FDC-42A3-9474-1A3956D46DE8}") = "ControllerTests", "ControllerTests", "{64DA9BD2-8E80-4B32-8F45-D9DC61F2ECE9}"
EndProject
Project("{2150E333-8FDC-42A3-9474-1A3956D46DE8}") = "ServiceTests", "ServiceTests", "{72FABCFD-4AC8-4A98-8E5E-9B52566C8655}"
EndProject
Project("{FAE04EC0-301F-11D3-BF4B-00C04F79EFBC}") = "AuthControllerTests", "AuthControllerTests\AuthControllerTests.csproj", "{2569A1F6-8B26-41D1-80B0-D0734B8A6E55}"
EndProject
Project("{FAE04EC0-301F-11D3-BF4B-00C04F79EFBC}") = "AuthServiceTests", "AuthServiceTests\AuthServiceTests.csproj", "{AC0E545F-548A-4270-A726-9E659CD23008}"
EndProject
Project("{2150E333-8FDC-42A3-9474-1A3956D46DE8}") = "ChatTests", "ChatTests", "{1D979E39-46AC-44B5-8B57-DDC3DA7B0F91}"
EndProject
Project("{2150E333-8FDC-42A3-9474-1A3956D46DE8}") = "ChatAPI", "ChatAPI", "{6A46F25B-7208-46C3-BB11-AAB1AEE62254}"
EndProject
Project("{2150E333-8FDC-42A3-9474-1A3956D46DE8}") = "ChatControllerTests", "ChatControllerTests", "{42F95EB4-04EF-4FD3-896D-81BADB251053}"
EndProject
Project("{2150E333-8FDC-42A3-9474-1A3956D46DE8}") = "ChatServiceTests", "ChatServiceTests", "{480EDB0F-F73F-4135-8FE5-1948330FE0E9}"
EndProject
Project("{FAE04EC0-301F-11D3-BF4B-00C04F79EFBC}") = "ChatAPI", "ChatAPI\ChatAPI.csproj", "{DCAB7FC0-CF88-4649-A640-EB61A759738B}"
EndProject
Project("{FAE04EC0-301F-11D3-BF4B-00C04F79EFBC}") = "ChatServiceTests", "ChatServiceTests\ChatServiceTests.csproj", "{8C5810CA-83C8-4007-940D-64E7946FA25D}"
EndProject
Project("{FAE04EC0-301F-11D3-BF4B-00C04F79EFBC}") = "ChatControllerTests", "ChatControllerTests\ChatControllerTests.csproj", "{8DFA1672-3437-43A1-9945-4B9537C8DE66}"
EndProject
Project("{2150E333-8FDC-42A3-9474-1A3956D46DE8}") = "GameTests", "GameTests", "{73CDAD1F-9E59-4885-A09F-5CAAEBA8E294}"
EndProject
Project("{2150E333-8FDC-42A3-9474-1A3956D46DE8}") = "GameAPI", "GameAPI", "{3AD6358D-B507-44F3-A315-03F26910719E}"
EndProject
Project("{2150E333-8FDC-42A3-9474-1A3956D46DE8}") = "GameControllerTests", "GameControllerTests", "{D9E316DF-6301-4059-9AAC-EA2CB1945678}"
EndProject
Project("{2150E333-8FDC-42A3-9474-1A3956D46DE8}") = "GameServiceTests", "GameServiceTests", "{CE78E75C-E7F2-4026-955E-F796333F790B}"
EndProject
Project("{FAE04EC0-301F-11D3-BF4B-00C04F79EFBC}") = "GameControllerTests", "GameControllerTests\GameControllerTests.csproj", "{F2961D8B-DFA3-4BB7-97AA-08441E92FB10}"
EndProject
Project("{FAE04EC0-301F-11D3-BF4B-00C04F79EFBC}") = "GameServiceTest", "GameServiceTest\GameServiceTest.csproj", "{AD614D0C-D46A-46FE-B1A7-952F90B89F89}"
EndProject
Project("{2150E333-8FDC-42A3-9474-1A3956D46DE8}") = "GameHubTests", "GameHubTests", "{44C1AB54-516C-4D3A-BF2D-95C7A151B1B4}"
EndProject
Project("{2150E333-8FDC-42A3-9474-1A3956D46DE8}") = "GameHubAPI", "GameHubAPI", "{CC8B9324-2816-4D2F-B19D-0535714058A6}"
EndProject
Project("{2150E333-8FDC-42A3-9474-1A3956D46DE8}") = "GameHubServiceTests", "GameHubServiceTests", "{310A8455-AC17-437D-A71B-242A6358B85B}"
EndProject
Project("{2150E333-8FDC-42A3-9474-1A3956D46DE8}") = "GameHubControllerTests", "GameHubControllerTests", "{7910C260-C657-4668-A7AC-D9CEE3952306}"
EndProject
Project("{FAE04EC0-301F-11D3-BF4B-00C04F79EFBC}") = "GameHubAPI", "GameHubAPI\GameHubAPI.csproj", "{FCBE7F64-8203-4FB0-A9BE-65362004DBF7}"
EndProject
Project("{FAE04EC0-301F-11D3-BF4B-00C04F79EFBC}") = "GameAPI", "GameAPI\GameAPI.csproj", "{69CA4ADD-A3C2-470B-90A8-DA69DDCDBD17}"
EndProject
Project("{FAE04EC0-301F-11D3-BF4B-00C04F79EFBC}") = "GameHubControllerTests", "GameHubControllerTests\GameHubControllerTests.csproj", "{C50D16E9-E617-4E03-80A1-32D33D9CB1DD}"
EndProject
Project("{FAE04EC0-301F-11D3-BF4B-00C04F79EFBC}") = "GameHubServiceTests", "GameHubServiceTests\GameHubServiceTests.csproj", "{5EC50E66-3A3B-4E94-98E1-E32798133B08}"
EndProject
Project("{2150E333-8FDC-42A3-9474-1A3956D46DE8}") = "ListGameTests", "ListGameTests", "{75E59B65-A797-4004-90DA-83718BA835B3}"
EndProject
Project("{2150E333-8FDC-42A3-9474-1A3956D46DE8}") = "ListGameAPI", "ListGameAPI", "{9069FA54-1833-46C1-83EF-D0AA0F7F9D90}"
EndProject
Project("{2150E333-8FDC-42A3-9474-1A3956D46DE8}") = "ListGamesServiceTests", "ListGamesServiceTests", "{638AFB10-D9A5-4292-B7D4-2CC67961AEBF}"
EndProject
Project("{2150E333-8FDC-42A3-9474-1A3956D46DE8}") = "ListGamesControllerTests", "ListGamesControllerTests", "{8D0AE544-600D-466A-A19F-469B396FCDC3}"
EndProject
Project("{FAE04EC0-301F-11D3-BF4B-00C04F79EFBC}") = "ListGamesControllerTests", "ListGamesControllerTests\ListGamesControllerTests.csproj", "{2B792D09-80FB-4B7D-99EC-6D4D2E3B26E6}"
EndProject
Project("{FAE04EC0-301F-11D3-BF4B-00C04F79EFBC}") = "ListGamesServiceTests", "ListGamesServiceTests\ListGamesServiceTests.csproj", "{1847D1AF-8F2F-4707-BFCD-2587907D1605}"
EndProject
Project("{FAE04EC0-301F-11D3-BF4B-00C04F79EFBC}") = "ListGameAPI", "ListGameAPI\ListGameAPI.csproj", "{A3A42166-8626-4F01-A066-7E3B96E8E21F}"
EndProject
Global
	GlobalSection(SolutionConfigurationPlatforms) = preSolution
		Debug|Any CPU = Debug|Any CPU
		Release|Any CPU = Release|Any CPU
	EndGlobalSection
	GlobalSection(ProjectConfigurationPlatforms) = postSolution
		{E155F8E9-6984-4AB0-9C6E-7DA4CA23D181}.Debug|Any CPU.ActiveCfg = Debug|Any CPU
		{E155F8E9-6984-4AB0-9C6E-7DA4CA23D181}.Debug|Any CPU.Build.0 = Debug|Any CPU
		{E155F8E9-6984-4AB0-9C6E-7DA4CA23D181}.Release|Any CPU.ActiveCfg = Release|Any CPU
		{E155F8E9-6984-4AB0-9C6E-7DA4CA23D181}.Release|Any CPU.Build.0 = Release|Any CPU
		{2569A1F6-8B26-41D1-80B0-D0734B8A6E55}.Debug|Any CPU.ActiveCfg = Debug|Any CPU
		{2569A1F6-8B26-41D1-80B0-D0734B8A6E55}.Debug|Any CPU.Build.0 = Debug|Any CPU
		{2569A1F6-8B26-41D1-80B0-D0734B8A6E55}.Release|Any CPU.ActiveCfg = Release|Any CPU
		{2569A1F6-8B26-41D1-80B0-D0734B8A6E55}.Release|Any CPU.Build.0 = Release|Any CPU
		{AC0E545F-548A-4270-A726-9E659CD23008}.Debug|Any CPU.ActiveCfg = Debug|Any CPU
		{AC0E545F-548A-4270-A726-9E659CD23008}.Debug|Any CPU.Build.0 = Debug|Any CPU
		{AC0E545F-548A-4270-A726-9E659CD23008}.Release|Any CPU.ActiveCfg = Release|Any CPU
		{AC0E545F-548A-4270-A726-9E659CD23008}.Release|Any CPU.Build.0 = Release|Any CPU
		{DCAB7FC0-CF88-4649-A640-EB61A759738B}.Debug|Any CPU.ActiveCfg = Debug|Any CPU
		{DCAB7FC0-CF88-4649-A640-EB61A759738B}.Debug|Any CPU.Build.0 = Debug|Any CPU
		{DCAB7FC0-CF88-4649-A640-EB61A759738B}.Release|Any CPU.ActiveCfg = Release|Any CPU
		{DCAB7FC0-CF88-4649-A640-EB61A759738B}.Release|Any CPU.Build.0 = Release|Any CPU
		{8C5810CA-83C8-4007-940D-64E7946FA25D}.Debug|Any CPU.ActiveCfg = Debug|Any CPU
		{8C5810CA-83C8-4007-940D-64E7946FA25D}.Debug|Any CPU.Build.0 = Debug|Any CPU
		{8C5810CA-83C8-4007-940D-64E7946FA25D}.Release|Any CPU.ActiveCfg = Release|Any CPU
		{8C5810CA-83C8-4007-940D-64E7946FA25D}.Release|Any CPU.Build.0 = Release|Any CPU
		{8DFA1672-3437-43A1-9945-4B9537C8DE66}.Debug|Any CPU.ActiveCfg = Debug|Any CPU
		{8DFA1672-3437-43A1-9945-4B9537C8DE66}.Debug|Any CPU.Build.0 = Debug|Any CPU
		{8DFA1672-3437-43A1-9945-4B9537C8DE66}.Release|Any CPU.ActiveCfg = Release|Any CPU
		{8DFA1672-3437-43A1-9945-4B9537C8DE66}.Release|Any CPU.Build.0 = Release|Any CPU
		{F2961D8B-DFA3-4BB7-97AA-08441E92FB10}.Debug|Any CPU.ActiveCfg = Debug|Any CPU
		{F2961D8B-DFA3-4BB7-97AA-08441E92FB10}.Debug|Any CPU.Build.0 = Debug|Any CPU
		{F2961D8B-DFA3-4BB7-97AA-08441E92FB10}.Release|Any CPU.ActiveCfg = Release|Any CPU
		{F2961D8B-DFA3-4BB7-97AA-08441E92FB10}.Release|Any CPU.Build.0 = Release|Any CPU
		{AD614D0C-D46A-46FE-B1A7-952F90B89F89}.Debug|Any CPU.ActiveCfg = Debug|Any CPU
		{AD614D0C-D46A-46FE-B1A7-952F90B89F89}.Debug|Any CPU.Build.0 = Debug|Any CPU
		{AD614D0C-D46A-46FE-B1A7-952F90B89F89}.Release|Any CPU.ActiveCfg = Release|Any CPU
		{AD614D0C-D46A-46FE-B1A7-952F90B89F89}.Release|Any CPU.Build.0 = Release|Any CPU
		{FCBE7F64-8203-4FB0-A9BE-65362004DBF7}.Debug|Any CPU.ActiveCfg = Debug|Any CPU
		{FCBE7F64-8203-4FB0-A9BE-65362004DBF7}.Debug|Any CPU.Build.0 = Debug|Any CPU
		{FCBE7F64-8203-4FB0-A9BE-65362004DBF7}.Release|Any CPU.ActiveCfg = Release|Any CPU
		{FCBE7F64-8203-4FB0-A9BE-65362004DBF7}.Release|Any CPU.Build.0 = Release|Any CPU
		{69CA4ADD-A3C2-470B-90A8-DA69DDCDBD17}.Debug|Any CPU.ActiveCfg = Debug|Any CPU
		{69CA4ADD-A3C2-470B-90A8-DA69DDCDBD17}.Debug|Any CPU.Build.0 = Debug|Any CPU
		{69CA4ADD-A3C2-470B-90A8-DA69DDCDBD17}.Release|Any CPU.ActiveCfg = Release|Any CPU
		{69CA4ADD-A3C2-470B-90A8-DA69DDCDBD17}.Release|Any CPU.Build.0 = Release|Any CPU
		{C50D16E9-E617-4E03-80A1-32D33D9CB1DD}.Debug|Any CPU.ActiveCfg = Debug|Any CPU
		{C50D16E9-E617-4E03-80A1-32D33D9CB1DD}.Debug|Any CPU.Build.0 = Debug|Any CPU
		{C50D16E9-E617-4E03-80A1-32D33D9CB1DD}.Release|Any CPU.ActiveCfg = Release|Any CPU
		{C50D16E9-E617-4E03-80A1-32D33D9CB1DD}.Release|Any CPU.Build.0 = Release|Any CPU
		{5EC50E66-3A3B-4E94-98E1-E32798133B08}.Debug|Any CPU.ActiveCfg = Debug|Any CPU
		{5EC50E66-3A3B-4E94-98E1-E32798133B08}.Debug|Any CPU.Build.0 = Debug|Any CPU
		{5EC50E66-3A3B-4E94-98E1-E32798133B08}.Release|Any CPU.ActiveCfg = Release|Any CPU
		{5EC50E66-3A3B-4E94-98E1-E32798133B08}.Release|Any CPU.Build.0 = Release|Any CPU
		{2B792D09-80FB-4B7D-99EC-6D4D2E3B26E6}.Debug|Any CPU.ActiveCfg = Debug|Any CPU
		{2B792D09-80FB-4B7D-99EC-6D4D2E3B26E6}.Debug|Any CPU.Build.0 = Debug|Any CPU
		{2B792D09-80FB-4B7D-99EC-6D4D2E3B26E6}.Release|Any CPU.ActiveCfg = Release|Any CPU
		{2B792D09-80FB-4B7D-99EC-6D4D2E3B26E6}.Release|Any CPU.Build.0 = Release|Any CPU
		{1847D1AF-8F2F-4707-BFCD-2587907D1605}.Debug|Any CPU.ActiveCfg = Debug|Any CPU
		{1847D1AF-8F2F-4707-BFCD-2587907D1605}.Debug|Any CPU.Build.0 = Debug|Any CPU
		{1847D1AF-8F2F-4707-BFCD-2587907D1605}.Release|Any CPU.ActiveCfg = Release|Any CPU
		{1847D1AF-8F2F-4707-BFCD-2587907D1605}.Release|Any CPU.Build.0 = Release|Any CPU
		{A3A42166-8626-4F01-A066-7E3B96E8E21F}.Debug|Any CPU.ActiveCfg = Debug|Any CPU
		{A3A42166-8626-4F01-A066-7E3B96E8E21F}.Debug|Any CPU.Build.0 = Debug|Any CPU
		{A3A42166-8626-4F01-A066-7E3B96E8E21F}.Release|Any CPU.ActiveCfg = Release|Any CPU
		{A3A42166-8626-4F01-A066-7E3B96E8E21F}.Release|Any CPU.Build.0 = Release|Any CPU
	EndGlobalSection
	GlobalSection(SolutionProperties) = preSolution
		HideSolutionNode = FALSE
	EndGlobalSection
	GlobalSection(NestedProjects) = preSolution
		{B52E1636-D4BC-4651-B8D7-D195086A80AB} = {02EA681E-C7D8-13C7-8484-4AC65E1B71E8}
		{E6752BED-A2B6-4020-8A0C-F8BCEAE2239E} = {02EA681E-C7D8-13C7-8484-4AC65E1B71E8}
		{E155F8E9-6984-4AB0-9C6E-7DA4CA23D181} = {B52E1636-D4BC-4651-B8D7-D195086A80AB}
		{64DA9BD2-8E80-4B32-8F45-D9DC61F2ECE9} = {E6752BED-A2B6-4020-8A0C-F8BCEAE2239E}
		{72FABCFD-4AC8-4A98-8E5E-9B52566C8655} = {E6752BED-A2B6-4020-8A0C-F8BCEAE2239E}
		{2569A1F6-8B26-41D1-80B0-D0734B8A6E55} = {64DA9BD2-8E80-4B32-8F45-D9DC61F2ECE9}
		{AC0E545F-548A-4270-A726-9E659CD23008} = {72FABCFD-4AC8-4A98-8E5E-9B52566C8655}
		{1D979E39-46AC-44B5-8B57-DDC3DA7B0F91} = {687694AD-6659-4C28-8974-1E54418D4B28}
		{6A46F25B-7208-46C3-BB11-AAB1AEE62254} = {687694AD-6659-4C28-8974-1E54418D4B28}
		{42F95EB4-04EF-4FD3-896D-81BADB251053} = {1D979E39-46AC-44B5-8B57-DDC3DA7B0F91}
		{480EDB0F-F73F-4135-8FE5-1948330FE0E9} = {1D979E39-46AC-44B5-8B57-DDC3DA7B0F91}
		{DCAB7FC0-CF88-4649-A640-EB61A759738B} = {6A46F25B-7208-46C3-BB11-AAB1AEE62254}
		{8C5810CA-83C8-4007-940D-64E7946FA25D} = {480EDB0F-F73F-4135-8FE5-1948330FE0E9}
		{8DFA1672-3437-43A1-9945-4B9537C8DE66} = {42F95EB4-04EF-4FD3-896D-81BADB251053}
		{73CDAD1F-9E59-4885-A09F-5CAAEBA8E294} = {1820C6BE-5797-47E0-823E-1B3ABF1B7021}
		{3AD6358D-B507-44F3-A315-03F26910719E} = {1820C6BE-5797-47E0-823E-1B3ABF1B7021}
		{D9E316DF-6301-4059-9AAC-EA2CB1945678} = {73CDAD1F-9E59-4885-A09F-5CAAEBA8E294}
		{CE78E75C-E7F2-4026-955E-F796333F790B} = {73CDAD1F-9E59-4885-A09F-5CAAEBA8E294}
		{F2961D8B-DFA3-4BB7-97AA-08441E92FB10} = {D9E316DF-6301-4059-9AAC-EA2CB1945678}
		{AD614D0C-D46A-46FE-B1A7-952F90B89F89} = {CE78E75C-E7F2-4026-955E-F796333F790B}
		{44C1AB54-516C-4D3A-BF2D-95C7A151B1B4} = {8E66AC08-DC20-4F59-98EE-A1C1C19A7947}
		{CC8B9324-2816-4D2F-B19D-0535714058A6} = {8E66AC08-DC20-4F59-98EE-A1C1C19A7947}
		{310A8455-AC17-437D-A71B-242A6358B85B} = {44C1AB54-516C-4D3A-BF2D-95C7A151B1B4}
		{7910C260-C657-4668-A7AC-D9CEE3952306} = {44C1AB54-516C-4D3A-BF2D-95C7A151B1B4}
		{FCBE7F64-8203-4FB0-A9BE-65362004DBF7} = {CC8B9324-2816-4D2F-B19D-0535714058A6}
		{69CA4ADD-A3C2-470B-90A8-DA69DDCDBD17} = {3AD6358D-B507-44F3-A315-03F26910719E}
		{C50D16E9-E617-4E03-80A1-32D33D9CB1DD} = {7910C260-C657-4668-A7AC-D9CEE3952306}
		{5EC50E66-3A3B-4E94-98E1-E32798133B08} = {310A8455-AC17-437D-A71B-242A6358B85B}
		{75E59B65-A797-4004-90DA-83718BA835B3} = {D7789A17-5FD0-43DD-9F5F-3E712730E767}
		{9069FA54-1833-46C1-83EF-D0AA0F7F9D90} = {D7789A17-5FD0-43DD-9F5F-3E712730E767}
		{638AFB10-D9A5-4292-B7D4-2CC67961AEBF} = {75E59B65-A797-4004-90DA-83718BA835B3}
		{8D0AE544-600D-466A-A19F-469B396FCDC3} = {75E59B65-A797-4004-90DA-83718BA835B3}
		{2B792D09-80FB-4B7D-99EC-6D4D2E3B26E6} = {8D0AE544-600D-466A-A19F-469B396FCDC3}
		{1847D1AF-8F2F-4707-BFCD-2587907D1605} = {638AFB10-D9A5-4292-B7D4-2CC67961AEBF}
		{A3A42166-8626-4F01-A066-7E3B96E8E21F} = {9069FA54-1833-46C1-83EF-D0AA0F7F9D90}
	EndGlobalSection
	GlobalSection(ExtensibilityGlobals) = postSolution
		SolutionGuid = {81C5329D-1514-4BB0-9FF2-909EC6EEC6ED}
	EndGlobalSection
EndGlobal
