
Microsoft Visual Studio Solution File, Format Version 12.00
# Visual Studio Version 17
VisualStudioVersion = 17.13.35825.156
MinimumVisualStudioVersion = 10.0.40219.1
Project("{2150E333-8FDC-42A3-9474-1A3956D46DE8}") = "auth", "auth", "{02EA681E-C7D8-13C7-8484-4AC65E1B71E8}"
EndProject
Project("{2150E333-8FDC-42A3-9474-1A3956D46DE8}") = "list-games", "list-games", "{D7789A17-5FD0-43DD-9F5F-3E712730E767}"
EndProject
Project("{2150E333-8FDC-42A3-9474-1A3956D46DE8}") = "game-hub", "game-hub", "{8E66AC08-DC20-4F59-98EE-A1C1C19A7947}"
EndProject
Project("{2150E333-8FDC-42A3-9474-1A3956D46DE8}") = "chat", "chat", "{687694AD-6659-4C28-8974-1E54418D4B28}"
EndProject
Project("{2150E333-8FDC-42A3-9474-1A3956D46DE8}") = "game", "game", "{1820C6BE-5797-47E0-823E-1B3ABF1B7021}"
EndProject
Project("{2150E333-8FDC-42A3-9474-1A3956D46DE8}") = "AuthTests", "AuthTests", "{E6752BED-A2B6-4020-8A0C-F8BCEAE2239E}"
EndProject
Project("{2150E333-8FDC-42A3-9474-1A3956D46DE8}") = "ControllerTests", "ControllerTests", "{64DA9BD2-8E80-4B32-8F45-D9DC61F2ECE9}"
EndProject
Project("{2150E333-8FDC-42A3-9474-1A3956D46DE8}") = "ServiceTests", "ServiceTests", "{72FABCFD-4AC8-4A98-8E5E-9B52566C8655}"
EndProject
Project("{2150E333-8FDC-42A3-9474-1A3956D46DE8}") = "ChatTests", "ChatTests", "{1D979E39-46AC-44B5-8B57-DDC3DA7B0F91}"
EndProject
Project("{2150E333-8FDC-42A3-9474-1A3956D46DE8}") = "ChatAPI", "ChatAPI", "{6A46F25B-7208-46C3-BB11-AAB1AEE62254}"
EndProject
Project("{2150E333-8FDC-42A3-9474-1A3956D46DE8}") = "ChatControllerTests", "ChatControllerTests", "{42F95EB4-04EF-4FD3-896D-81BADB251053}"
EndProject
Project("{2150E333-8FDC-42A3-9474-1A3956D46DE8}") = "ChatServiceTests", "ChatServiceTests", "{480EDB0F-F73F-4135-8FE5-1948330FE0E9}"
EndProject
Project("{2150E333-8FDC-42A3-9474-1A3956D46DE8}") = "GameTests", "GameTests", "{73CDAD1F-9E59-4885-A09F-5CAAEBA8E294}"
EndProject
Project("{2150E333-8FDC-42A3-9474-1A3956D46DE8}") = "GameAPI", "GameAPI", "{3AD6358D-B507-44F3-A315-03F26910719E}"
EndProject
Project("{2150E333-8FDC-42A3-9474-1A3956D46DE8}") = "GameControllerTests", "GameControllerTests", "{D9E316DF-6301-4059-9AAC-EA2CB1945678}"
EndProject
Project("{2150E333-8FDC-42A3-9474-1A3956D46DE8}") = "GameServiceTests", "GameServiceTests", "{CE78E75C-E7F2-4026-955E-F796333F790B}"
EndProject
Project("{2150E333-8FDC-42A3-9474-1A3956D46DE8}") = "GameHubTests", "GameHubTests", "{44C1AB54-516C-4D3A-BF2D-95C7A151B1B4}"
EndProject
Project("{2150E333-8FDC-42A3-9474-1A3956D46DE8}") = "GameHubAPI", "GameHubAPI", "{CC8B9324-2816-4D2F-B19D-0535714058A6}"
EndProject
Project("{2150E333-8FDC-42A3-9474-1A3956D46DE8}") = "GameHubServiceTests", "GameHubServiceTests", "{310A8455-AC17-437D-A71B-242A6358B85B}"
EndProject
Project("{2150E333-8FDC-42A3-9474-1A3956D46DE8}") = "GameHubControllerTests", "GameHubControllerTests", "{7910C260-C657-4668-A7AC-D9CEE3952306}"
EndProject
Project("{2150E333-8FDC-42A3-9474-1A3956D46DE8}") = "ListGameTests", "ListGameTests", "{75E59B65-A797-4004-90DA-83718BA835B3}"
EndProject
Project("{2150E333-8FDC-42A3-9474-1A3956D46DE8}") = "ListGameAPI", "ListGameAPI", "{9069FA54-1833-46C1-83EF-D0AA0F7F9D90}"
EndProject
Project("{2150E333-8FDC-42A3-9474-1A3956D46DE8}") = "ListGamesServiceTests", "ListGamesServiceTests", "{638AFB10-D9A5-4292-B7D4-2CC67961AEBF}"
EndProject
Project("{2150E333-8FDC-42A3-9474-1A3956D46DE8}") = "ListGamesControllerTests", "ListGamesControllerTests", "{8D0AE544-600D-466A-A19F-469B396FCDC3}"
EndProject
Project("{FAE04EC0-301F-11D3-BF4B-00C04F79EFBC}") = "AuthControllerTests", "auth\AuthTests\AuthControllerTests\AuthControllerTests.csproj", "{5E97FEEB-819E-0388-5CE2-B99198BAA36D}"
EndProject
Project("{FAE04EC0-301F-11D3-BF4B-00C04F79EFBC}") = "AuthServiceTests", "auth\AuthTests\AuthServiceTests\AuthServiceTests.csproj", "{FA8B92AA-B3D4-58A6-EEE8-D3B59A3217BE}"
EndProject
Project("{FAE04EC0-301F-11D3-BF4B-00C04F79EFBC}") = "ChatAPI", "chat\ChatAPI\ChatAPI.csproj", "{8955BAD7-60CE-501C-AB52-D70791854B11}"
EndProject
Project("{FAE04EC0-301F-11D3-BF4B-00C04F79EFBC}") = "ChatControllerTests", "chat\ChatTests\ChatControllerTests\ChatControllerTests.csproj", "{AD860521-E9AD-D67E-3644-21339ABBA522}"
EndProject
Project("{FAE04EC0-301F-11D3-BF4B-00C04F79EFBC}") = "ChatServiceTests", "chat\ChatTests\ChatServiceTests\ChatServiceTests.csproj", "{5FC52574-5B56-756B-0635-9470218FB5C9}"
EndProject
Project("{FAE04EC0-301F-11D3-BF4B-00C04F79EFBC}") = "GameAPI", "game\GameAPI\GameAPI.csproj", "{9B7E6552-4E57-95B6-386B-1A571873C0A2}"
EndProject
Project("{FAE04EC0-301F-11D3-BF4B-00C04F79EFBC}") = "GameControllerTests", "game\GameTests\GameControllerTests\GameControllerTests.csproj", "{B82E613C-8EFF-A5A7-6077-DE8B922AD94B}"
EndProject
Project("{FAE04EC0-301F-11D3-BF4B-00C04F79EFBC}") = "GameServiceTests", "game\GameTests\GameServiceTests\GameServiceTests.csproj", "{9ECDCF18-FB46-9655-5DEA-D5E0EB0E45CA}"
EndProject
Project("{FAE04EC0-301F-11D3-BF4B-00C04F79EFBC}") = "GameHubAPI", "game-hub\GameHubAPI\GameHubAPI.csproj", "{363BDBA1-FA40-69AB-FA2C-443071697177}"
EndProject
Project("{FAE04EC0-301F-11D3-BF4B-00C04F79EFBC}") = "GameHubControllerTests", "game-hub\GameHubTests\GameHubControllerTests\GameHubControllerTests.csproj", "{0A8422DC-0BBB-2F7F-AB9B-519C78BC686B}"
EndProject
Project("{FAE04EC0-301F-11D3-BF4B-00C04F79EFBC}") = "GameHubServiceTests", "game-hub\GameHubTests\GameHubServiceTests\GameHubServiceTests.csproj", "{2C045733-159A-6B73-D433-CB03DEB53EF8}"
EndProject
Project("{FAE04EC0-301F-11D3-BF4B-00C04F79EFBC}") = "ListGameAPI", "list-game\ListGameAPI\ListGameAPI.csproj", "{3919D755-9582-D96C-0369-410CC524A2CD}"
EndProject
Project("{FAE04EC0-301F-11D3-BF4B-00C04F79EFBC}") = "ListGamesControllerTests", "list-game\ListGameTests\ListGamesControllerTests\ListGamesControllerTests.csproj", "{ABF853EE-01BD-6A1F-1731-618BB92E761B}"
EndProject
Project("{FAE04EC0-301F-11D3-BF4B-00C04F79EFBC}") = "ListGamesServiceTests", "list-game\ListGameTests\ListGamesServiceTests\ListGamesServiceTests.csproj", "{2FFB462A-3FA3-415F-68E9-A1F672168130}"
EndProject
Global
	GlobalSection(SolutionConfigurationPlatforms) = preSolution
		Debug|Any CPU = Debug|Any CPU
		Release|Any CPU = Release|Any CPU
	EndGlobalSection
	GlobalSection(ProjectConfigurationPlatforms) = postSolution
		{5E97FEEB-819E-0388-5CE2-B99198BAA36D}.Debug|Any CPU.ActiveCfg = Debug|Any CPU
		{5E97FEEB-819E-0388-5CE2-B99198BAA36D}.Debug|Any CPU.Build.0 = Debug|Any CPU
		{5E97FEEB-819E-0388-5CE2-B99198BAA36D}.Release|Any CPU.ActiveCfg = Release|Any CPU
		{5E97FEEB-819E-0388-5CE2-B99198BAA36D}.Release|Any CPU.Build.0 = Release|Any CPU
		{FA8B92AA-B3D4-58A6-EEE8-D3B59A3217BE}.Debug|Any CPU.ActiveCfg = Debug|Any CPU
		{FA8B92AA-B3D4-58A6-EEE8-D3B59A3217BE}.Debug|Any CPU.Build.0 = Debug|Any CPU
		{FA8B92AA-B3D4-58A6-EEE8-D3B59A3217BE}.Release|Any CPU.ActiveCfg = Release|Any CPU
		{FA8B92AA-B3D4-58A6-EEE8-D3B59A3217BE}.Release|Any CPU.Build.0 = Release|Any CPU
		{8955BAD7-60CE-501C-AB52-D70791854B11}.Debug|Any CPU.ActiveCfg = Debug|Any CPU
		{8955BAD7-60CE-501C-AB52-D70791854B11}.Debug|Any CPU.Build.0 = Debug|Any CPU
		{8955BAD7-60CE-501C-AB52-D70791854B11}.Release|Any CPU.ActiveCfg = Release|Any CPU
		{8955BAD7-60CE-501C-AB52-D70791854B11}.Release|Any CPU.Build.0 = Release|Any CPU
		{AD860521-E9AD-D67E-3644-21339ABBA522}.Debug|Any CPU.ActiveCfg = Debug|Any CPU
		{AD860521-E9AD-D67E-3644-21339ABBA522}.Debug|Any CPU.Build.0 = Debug|Any CPU
		{AD860521-E9AD-D67E-3644-21339ABBA522}.Release|Any CPU.ActiveCfg = Release|Any CPU
		{AD860521-E9AD-D67E-3644-21339ABBA522}.Release|Any CPU.Build.0 = Release|Any CPU
		{5FC52574-5B56-756B-0635-9470218FB5C9}.Debug|Any CPU.ActiveCfg = Debug|Any CPU
		{5FC52574-5B56-756B-0635-9470218FB5C9}.Debug|Any CPU.Build.0 = Debug|Any CPU
		{5FC52574-5B56-756B-0635-9470218FB5C9}.Release|Any CPU.ActiveCfg = Release|Any CPU
		{5FC52574-5B56-756B-0635-9470218FB5C9}.Release|Any CPU.Build.0 = Release|Any CPU
		{9B7E6552-4E57-95B6-386B-1A571873C0A2}.Debug|Any CPU.ActiveCfg = Debug|Any CPU
		{9B7E6552-4E57-95B6-386B-1A571873C0A2}.Debug|Any CPU.Build.0 = Debug|Any CPU
		{9B7E6552-4E57-95B6-386B-1A571873C0A2}.Release|Any CPU.ActiveCfg = Release|Any CPU
		{9B7E6552-4E57-95B6-386B-1A571873C0A2}.Release|Any CPU.Build.0 = Release|Any CPU
		{B82E613C-8EFF-A5A7-6077-DE8B922AD94B}.Debug|Any CPU.ActiveCfg = Debug|Any CPU
		{B82E613C-8EFF-A5A7-6077-DE8B922AD94B}.Debug|Any CPU.Build.0 = Debug|Any CPU
		{B82E613C-8EFF-A5A7-6077-DE8B922AD94B}.Release|Any CPU.ActiveCfg = Release|Any CPU
		{B82E613C-8EFF-A5A7-6077-DE8B922AD94B}.Release|Any CPU.Build.0 = Release|Any CPU
		{9ECDCF18-FB46-9655-5DEA-D5E0EB0E45CA}.Debug|Any CPU.ActiveCfg = Debug|Any CPU
		{9ECDCF18-FB46-9655-5DEA-D5E0EB0E45CA}.Debug|Any CPU.Build.0 = Debug|Any CPU
		{9ECDCF18-FB46-9655-5DEA-D5E0EB0E45CA}.Release|Any CPU.ActiveCfg = Release|Any CPU
		{9ECDCF18-FB46-9655-5DEA-D5E0EB0E45CA}.Release|Any CPU.Build.0 = Release|Any CPU
		{363BDBA1-FA40-69AB-FA2C-443071697177}.Debug|Any CPU.ActiveCfg = Debug|Any CPU
		{363BDBA1-FA40-69AB-FA2C-443071697177}.Debug|Any CPU.Build.0 = Debug|Any CPU
		{363BDBA1-FA40-69AB-FA2C-443071697177}.Release|Any CPU.ActiveCfg = Release|Any CPU
		{363BDBA1-FA40-69AB-FA2C-443071697177}.Release|Any CPU.Build.0 = Release|Any CPU
		{0A8422DC-0BBB-2F7F-AB9B-519C78BC686B}.Debug|Any CPU.ActiveCfg = Debug|Any CPU
		{0A8422DC-0BBB-2F7F-AB9B-519C78BC686B}.Debug|Any CPU.Build.0 = Debug|Any CPU
		{0A8422DC-0BBB-2F7F-AB9B-519C78BC686B}.Release|Any CPU.ActiveCfg = Release|Any CPU
		{0A8422DC-0BBB-2F7F-AB9B-519C78BC686B}.Release|Any CPU.Build.0 = Release|Any CPU
		{2C045733-159A-6B73-D433-CB03DEB53EF8}.Debug|Any CPU.ActiveCfg = Debug|Any CPU
		{2C045733-159A-6B73-D433-CB03DEB53EF8}.Debug|Any CPU.Build.0 = Debug|Any CPU
		{2C045733-159A-6B73-D433-CB03DEB53EF8}.Release|Any CPU.ActiveCfg = Release|Any CPU
		{2C045733-159A-6B73-D433-CB03DEB53EF8}.Release|Any CPU.Build.0 = Release|Any CPU
		{3919D755-9582-D96C-0369-410CC524A2CD}.Debug|Any CPU.ActiveCfg = Debug|Any CPU
		{3919D755-9582-D96C-0369-410CC524A2CD}.Debug|Any CPU.Build.0 = Debug|Any CPU
		{3919D755-9582-D96C-0369-410CC524A2CD}.Release|Any CPU.ActiveCfg = Release|Any CPU
		{3919D755-9582-D96C-0369-410CC524A2CD}.Release|Any CPU.Build.0 = Release|Any CPU
		{ABF853EE-01BD-6A1F-1731-618BB92E761B}.Debug|Any CPU.ActiveCfg = Debug|Any CPU
		{ABF853EE-01BD-6A1F-1731-618BB92E761B}.Debug|Any CPU.Build.0 = Debug|Any CPU
		{ABF853EE-01BD-6A1F-1731-618BB92E761B}.Release|Any CPU.ActiveCfg = Release|Any CPU
		{ABF853EE-01BD-6A1F-1731-618BB92E761B}.Release|Any CPU.Build.0 = Release|Any CPU
		{2FFB462A-3FA3-415F-68E9-A1F672168130}.Debug|Any CPU.ActiveCfg = Debug|Any CPU
		{2FFB462A-3FA3-415F-68E9-A1F672168130}.Debug|Any CPU.Build.0 = Debug|Any CPU
		{2FFB462A-3FA3-415F-68E9-A1F672168130}.Release|Any CPU.ActiveCfg = Release|Any CPU
		{2FFB462A-3FA3-415F-68E9-A1F672168130}.Release|Any CPU.Build.0 = Release|Any CPU
	EndGlobalSection
	GlobalSection(SolutionProperties) = preSolution
		HideSolutionNode = FALSE
	EndGlobalSection
	GlobalSection(NestedProjects) = preSolution
		{E6752BED-A2B6-4020-8A0C-F8BCEAE2239E} = {02EA681E-C7D8-13C7-8484-4AC65E1B71E8}
		{64DA9BD2-8E80-4B32-8F45-D9DC61F2ECE9} = {E6752BED-A2B6-4020-8A0C-F8BCEAE2239E}
		{72FABCFD-4AC8-4A98-8E5E-9B52566C8655} = {E6752BED-A2B6-4020-8A0C-F8BCEAE2239E}
		{1D979E39-46AC-44B5-8B57-DDC3DA7B0F91} = {687694AD-6659-4C28-8974-1E54418D4B28}
		{6A46F25B-7208-46C3-BB11-AAB1AEE62254} = {687694AD-6659-4C28-8974-1E54418D4B28}
		{42F95EB4-04EF-4FD3-896D-81BADB251053} = {1D979E39-46AC-44B5-8B57-DDC3DA7B0F91}
		{480EDB0F-F73F-4135-8FE5-1948330FE0E9} = {1D979E39-46AC-44B5-8B57-DDC3DA7B0F91}
		{73CDAD1F-9E59-4885-A09F-5CAAEBA8E294} = {1820C6BE-5797-47E0-823E-1B3ABF1B7021}
		{3AD6358D-B507-44F3-A315-03F26910719E} = {1820C6BE-5797-47E0-823E-1B3ABF1B7021}
		{D9E316DF-6301-4059-9AAC-EA2CB1945678} = {73CDAD1F-9E59-4885-A09F-5CAAEBA8E294}
		{CE78E75C-E7F2-4026-955E-F796333F790B} = {73CDAD1F-9E59-4885-A09F-5CAAEBA8E294}
		{44C1AB54-516C-4D3A-BF2D-95C7A151B1B4} = {8E66AC08-DC20-4F59-98EE-A1C1C19A7947}
		{CC8B9324-2816-4D2F-B19D-0535714058A6} = {8E66AC08-DC20-4F59-98EE-A1C1C19A7947}
		{310A8455-AC17-437D-A71B-242A6358B85B} = {44C1AB54-516C-4D3A-BF2D-95C7A151B1B4}
		{7910C260-C657-4668-A7AC-D9CEE3952306} = {44C1AB54-516C-4D3A-BF2D-95C7A151B1B4}
		{75E59B65-A797-4004-90DA-83718BA835B3} = {D7789A17-5FD0-43DD-9F5F-3E712730E767}
		{9069FA54-1833-46C1-83EF-D0AA0F7F9D90} = {D7789A17-5FD0-43DD-9F5F-3E712730E767}
		{638AFB10-D9A5-4292-B7D4-2CC67961AEBF} = {75E59B65-A797-4004-90DA-83718BA835B3}
		{8D0AE544-600D-466A-A19F-469B396FCDC3} = {75E59B65-A797-4004-90DA-83718BA835B3}
		{5E97FEEB-819E-0388-5CE2-B99198BAA36D} = {64DA9BD2-8E80-4B32-8F45-D9DC61F2ECE9}
		{FA8B92AA-B3D4-58A6-EEE8-D3B59A3217BE} = {72FABCFD-4AC8-4A98-8E5E-9B52566C8655}
		{8955BAD7-60CE-501C-AB52-D70791854B11} = {6A46F25B-7208-46C3-BB11-AAB1AEE62254}
		{AD860521-E9AD-D67E-3644-21339ABBA522} = {42F95EB4-04EF-4FD3-896D-81BADB251053}
		{5FC52574-5B56-756B-0635-9470218FB5C9} = {480EDB0F-F73F-4135-8FE5-1948330FE0E9}
		{9B7E6552-4E57-95B6-386B-1A571873C0A2} = {3AD6358D-B507-44F3-A315-03F26910719E}
		{B82E613C-8EFF-A5A7-6077-DE8B922AD94B} = {D9E316DF-6301-4059-9AAC-EA2CB1945678}
		{9ECDCF18-FB46-9655-5DEA-D5E0EB0E45CA} = {CE78E75C-E7F2-4026-955E-F796333F790B}
		{363BDBA1-FA40-69AB-FA2C-443071697177} = {CC8B9324-2816-4D2F-B19D-0535714058A6}
		{0A8422DC-0BBB-2F7F-AB9B-519C78BC686B} = {7910C260-C657-4668-A7AC-D9CEE3952306}
		{2C045733-159A-6B73-D433-CB03DEB53EF8} = {310A8455-AC17-437D-A71B-242A6358B85B}
		{3919D755-9582-D96C-0369-410CC524A2CD} = {9069FA54-1833-46C1-83EF-D0AA0F7F9D90}
		{ABF853EE-01BD-6A1F-1731-618BB92E761B} = {8D0AE544-600D-466A-A19F-469B396FCDC3}
		{2FFB462A-3FA3-415F-68E9-A1F672168130} = {638AFB10-D9A5-4292-B7D4-2CC67961AEBF}
	EndGlobalSection
	GlobalSection(ExtensibilityGlobals) = postSolution
		SolutionGuid = {81C5329D-1514-4BB0-9FF2-909EC6EEC6ED}
	EndGlobalSection
EndGlobal
